
Microsoft Visual Studio Solution File, Format Version 10.00
# Visual C++ Express 2008
Project("{8BC9CEB8-8B4A-11D0-8D11-00A0C91BC942}") = "salt", "salt\salt.vcproj", "{F13F0229-A5F8-407D-B62F-53A05AA3A19B}"
EndProject
Project("{8BC9CEB8-8B4A-11D0-8D11-00A0C91BC942}") = "utility", "utility\utility.vcproj", "{4CF4A6B8-B5A0-455B-AFAD-A30E473C1666}"
EndProject
Project("{8BC9CEB8-8B4A-11D0-8D11-00A0C91BC942}") = "zeitgeist", "zeitgeist\zeitgeist.vcproj", "{1A2A723D-C642-4062-B012-4527C276D82B}"
EndProject
Project("{8BC9CEB8-8B4A-11D0-8D11-00A0C91BC942}") = "oxygen", "oxygen\oxygen.vcproj", "{E9E839F0-1479-4E54-A402-5D12349FA1D6}"
EndProject
Project("{8BC9CEB8-8B4A-11D0-8D11-00A0C91BC942}") = "kerosin", "kerosin\kerosin.vcproj", "{792E8636-743B-483F-85DA-4108DD410566}"
EndProject
Project("{8BC9CEB8-8B4A-11D0-8D11-00A0C91BC942}") = "spark", "spark\spark.vcproj", "{6213FD24-D05B-4AB6-B3F1-6D5572FA72BF}"
EndProject
Project("{8BC9CEB8-8B4A-11D0-8D11-00A0C91BC942}") = "collisionperceptor", "plugins\collisionperceptor\collisionperceptor.vcproj", "{B7A8109D-6914-4888-ADCB-A4D58978A72F}"
	ProjectSection(ProjectDependencies) = postProject
		{F13F0229-A5F8-407D-B62F-53A05AA3A19B} = {F13F0229-A5F8-407D-B62F-53A05AA3A19B}
		{1A2A723D-C642-4062-B012-4527C276D82B} = {1A2A723D-C642-4062-B012-4527C276D82B}
		{4CF4A6B8-B5A0-455B-AFAD-A30E473C1666} = {4CF4A6B8-B5A0-455B-AFAD-A30E473C1666}
		{E9E839F0-1479-4E54-A402-5D12349FA1D6} = {E9E839F0-1479-4E54-A402-5D12349FA1D6}
	EndProjectSection
EndProject
Project("{8BC9CEB8-8B4A-11D0-8D11-00A0C91BC942}") = "coretest", "apps\coretest\coretest.vcproj", "{010E763F-1028-46C5-89EB-B8A06E379764}"
	ProjectSection(ProjectDependencies) = postProject
		{F13F0229-A5F8-407D-B62F-53A05AA3A19B} = {F13F0229-A5F8-407D-B62F-53A05AA3A19B}
		{1A2A723D-C642-4062-B012-4527C276D82B} = {1A2A723D-C642-4062-B012-4527C276D82B}
		{4CF4A6B8-B5A0-455B-AFAD-A30E473C1666} = {4CF4A6B8-B5A0-455B-AFAD-A30E473C1666}
		{E9E839F0-1479-4E54-A402-5D12349FA1D6} = {E9E839F0-1479-4E54-A402-5D12349FA1D6}
	EndProjectSection
EndProject
Project("{8BC9CEB8-8B4A-11D0-8D11-00A0C91BC942}") = "simspark", "apps\simspark\simspark.vcproj", "{9A2FFCA2-CBEB-4068-BC36-F9F466DC5D04}"
	ProjectSection(ProjectDependencies) = postProject
		{6213FD24-D05B-4AB6-B3F1-6D5572FA72BF} = {6213FD24-D05B-4AB6-B3F1-6D5572FA72BF}
		{F13F0229-A5F8-407D-B62F-53A05AA3A19B} = {F13F0229-A5F8-407D-B62F-53A05AA3A19B}
		{792E8636-743B-483F-85DA-4108DD410566} = {792E8636-743B-483F-85DA-4108DD410566}
		{1A2A723D-C642-4062-B012-4527C276D82B} = {1A2A723D-C642-4062-B012-4527C276D82B}
		{4CF4A6B8-B5A0-455B-AFAD-A30E473C1666} = {4CF4A6B8-B5A0-455B-AFAD-A30E473C1666}
		{E9E839F0-1479-4E54-A402-5D12349FA1D6} = {E9E839F0-1479-4E54-A402-5D12349FA1D6}
	EndProjectSection
EndProject
Project("{8BC9CEB8-8B4A-11D0-8D11-00A0C91BC942}") = "voidmeshimporter", "plugins\voidmeshimporter\voidmeshimporter.vcproj", "{568B5D27-1DB8-45B5-9ACB-168E7135B9A0}"
	ProjectSection(ProjectDependencies) = postProject
		{F13F0229-A5F8-407D-B62F-53A05AA3A19B} = {F13F0229-A5F8-407D-B62F-53A05AA3A19B}
		{792E8636-743B-483F-85DA-4108DD410566} = {792E8636-743B-483F-85DA-4108DD410566}
		{1A2A723D-C642-4062-B012-4527C276D82B} = {1A2A723D-C642-4062-B012-4527C276D82B}
		{4CF4A6B8-B5A0-455B-AFAD-A30E473C1666} = {4CF4A6B8-B5A0-455B-AFAD-A30E473C1666}
		{E9E839F0-1479-4E54-A402-5D12349FA1D6} = {E9E839F0-1479-4E54-A402-5D12349FA1D6}
	EndProjectSection
EndProject
Project("{8BC9CEB8-8B4A-11D0-8D11-00A0C91BC942}") = "objimporter", "plugins\objimporter\objimporter.vcproj", "{3FFB1396-DA47-44A6-8D26-AC199882A94C}"
	ProjectSection(ProjectDependencies) = postProject
		{F13F0229-A5F8-407D-B62F-53A05AA3A19B} = {F13F0229-A5F8-407D-B62F-53A05AA3A19B}
		{792E8636-743B-483F-85DA-4108DD410566} = {792E8636-743B-483F-85DA-4108DD410566}
		{1A2A723D-C642-4062-B012-4527C276D82B} = {1A2A723D-C642-4062-B012-4527C276D82B}
		{4CF4A6B8-B5A0-455B-AFAD-A30E473C1666} = {4CF4A6B8-B5A0-455B-AFAD-A30E473C1666}
		{E9E839F0-1479-4E54-A402-5D12349FA1D6} = {E9E839F0-1479-4E54-A402-5D12349FA1D6}
	EndProjectSection
EndProject
Project("{8BC9CEB8-8B4A-11D0-8D11-00A0C91BC942}") = "rubysceneimporter", "plugins\rubyscecneimporter\rubysceneimporter.vcproj", "{E47CE4C3-C025-4767-B928-C1CDC5B0C7BB}"
	ProjectSection(ProjectDependencies) = postProject
		{F13F0229-A5F8-407D-B62F-53A05AA3A19B} = {F13F0229-A5F8-407D-B62F-53A05AA3A19B}
		{792E8636-743B-483F-85DA-4108DD410566} = {792E8636-743B-483F-85DA-4108DD410566}
		{1A2A723D-C642-4062-B012-4527C276D82B} = {1A2A723D-C642-4062-B012-4527C276D82B}
		{4CF4A6B8-B5A0-455B-AFAD-A30E473C1666} = {4CF4A6B8-B5A0-455B-AFAD-A30E473C1666}
		{E9E839F0-1479-4E54-A402-5D12349FA1D6} = {E9E839F0-1479-4E54-A402-5D12349FA1D6}
	EndProjectSection
EndProject
Project("{8BC9CEB8-8B4A-11D0-8D11-00A0C91BC942}") = "rosimporter", "plugins\rosimporter\rosimporter.vcproj", "{5355C157-A0CE-4A18-AED9-3B848FD67183}"
	ProjectSection(ProjectDependencies) = postProject
		{F13F0229-A5F8-407D-B62F-53A05AA3A19B} = {F13F0229-A5F8-407D-B62F-53A05AA3A19B}
		{792E8636-743B-483F-85DA-4108DD410566} = {792E8636-743B-483F-85DA-4108DD410566}
		{1A2A723D-C642-4062-B012-4527C276D82B} = {1A2A723D-C642-4062-B012-4527C276D82B}
		{4CF4A6B8-B5A0-455B-AFAD-A30E473C1666} = {4CF4A6B8-B5A0-455B-AFAD-A30E473C1666}
		{E9E839F0-1479-4E54-A402-5D12349FA1D6} = {E9E839F0-1479-4E54-A402-5D12349FA1D6}
	EndProjectSection
EndProject
Project("{8BC9CEB8-8B4A-11D0-8D11-00A0C91BC942}") = "sparkmonitor", "plugins\sparkmonitor\sparkmonitor.vcproj", "{062E6133-6CF6-496E-A82F-C61D4D8D9312}"
	ProjectSection(ProjectDependencies) = postProject
		{6213FD24-D05B-4AB6-B3F1-6D5572FA72BF} = {6213FD24-D05B-4AB6-B3F1-6D5572FA72BF}
		{F13F0229-A5F8-407D-B62F-53A05AA3A19B} = {F13F0229-A5F8-407D-B62F-53A05AA3A19B}
		{792E8636-743B-483F-85DA-4108DD410566} = {792E8636-743B-483F-85DA-4108DD410566}
		{1A2A723D-C642-4062-B012-4527C276D82B} = {1A2A723D-C642-4062-B012-4527C276D82B}
		{4CF4A6B8-B5A0-455B-AFAD-A30E473C1666} = {4CF4A6B8-B5A0-455B-AFAD-A30E473C1666}
		{E9E839F0-1479-4E54-A402-5D12349FA1D6} = {E9E839F0-1479-4E54-A402-5D12349FA1D6}
	EndProjectSection
EndProject
Project("{8BC9CEB8-8B4A-11D0-8D11-00A0C91BC942}") = "sexpparser", "plugins\sexpparser\sexpparser.vcproj", "{122BB5D8-CC3D-49E4-9023-15F7B2567901}"
	ProjectSection(ProjectDependencies) = postProject
		{F13F0229-A5F8-407D-B62F-53A05AA3A19B} = {F13F0229-A5F8-407D-B62F-53A05AA3A19B}
		{1A2A723D-C642-4062-B012-4527C276D82B} = {1A2A723D-C642-4062-B012-4527C276D82B}
		{4CF4A6B8-B5A0-455B-AFAD-A30E473C1666} = {4CF4A6B8-B5A0-455B-AFAD-A30E473C1666}
		{E9E839F0-1479-4E54-A402-5D12349FA1D6} = {E9E839F0-1479-4E54-A402-5D12349FA1D6}
	EndProjectSection
EndProject
Project("{8BC9CEB8-8B4A-11D0-8D11-00A0C91BC942}") = "sceneeffector", "plugins\sceneeffector\sceneeffector.vcproj", "{613B536C-5CD4-4504-A1FA-FF06F7DEC023}"
	ProjectSection(ProjectDependencies) = postProject
		{F13F0229-A5F8-407D-B62F-53A05AA3A19B} = {F13F0229-A5F8-407D-B62F-53A05AA3A19B}
		{792E8636-743B-483F-85DA-4108DD410566} = {792E8636-743B-483F-85DA-4108DD410566}
		{1A2A723D-C642-4062-B012-4527C276D82B} = {1A2A723D-C642-4062-B012-4527C276D82B}
		{4CF4A6B8-B5A0-455B-AFAD-A30E473C1666} = {4CF4A6B8-B5A0-455B-AFAD-A30E473C1666}
		{E9E839F0-1479-4E54-A402-5D12349FA1D6} = {E9E839F0-1479-4E54-A402-5D12349FA1D6}
	EndProjectSection
EndProject
Project("{8BC9CEB8-8B4A-11D0-8D11-00A0C91BC942}") = "sparkagent", "plugins\sparkagent\sparkagent.vcproj", "{7743EE1D-F277-406B-961B-366C7CE92704}"
	ProjectSection(ProjectDependencies) = postProject
		{F13F0229-A5F8-407D-B62F-53A05AA3A19B} = {F13F0229-A5F8-407D-B62F-53A05AA3A19B}
		{1A2A723D-C642-4062-B012-4527C276D82B} = {1A2A723D-C642-4062-B012-4527C276D82B}
		{4CF4A6B8-B5A0-455B-AFAD-A30E473C1666} = {4CF4A6B8-B5A0-455B-AFAD-A30E473C1666}
		{E9E839F0-1479-4E54-A402-5D12349FA1D6} = {E9E839F0-1479-4E54-A402-5D12349FA1D6}
	EndProjectSection
EndProject
Project("{8BC9CEB8-8B4A-11D0-8D11-00A0C91BC942}") = "openglsyssdl", "plugins\openglsyssdl\openglsyssdl.vcproj", "{81453252-3C8A-452A-8876-11786C36400A}"
	ProjectSection(ProjectDependencies) = postProject
		{F13F0229-A5F8-407D-B62F-53A05AA3A19B} = {F13F0229-A5F8-407D-B62F-53A05AA3A19B}
		{792E8636-743B-483F-85DA-4108DD410566} = {792E8636-743B-483F-85DA-4108DD410566}
		{1A2A723D-C642-4062-B012-4527C276D82B} = {1A2A723D-C642-4062-B012-4527C276D82B}
		{9A2FFCA2-CBEB-4068-BC36-F9F466DC5D04} = {9A2FFCA2-CBEB-4068-BC36-F9F466DC5D04}
		{4CF4A6B8-B5A0-455B-AFAD-A30E473C1666} = {4CF4A6B8-B5A0-455B-AFAD-A30E473C1666}
		{E9E839F0-1479-4E54-A402-5D12349FA1D6} = {E9E839F0-1479-4E54-A402-5D12349FA1D6}
	EndProjectSection
EndProject
Project("{8BC9CEB8-8B4A-11D0-8D11-00A0C91BC942}") = "inputsdl", "plugins\inputsdl\inputsdl.vcproj", "{D21D7B15-C379-4BAF-974A-915E8E646ACF}"
	ProjectSection(ProjectDependencies) = postProject
		{F13F0229-A5F8-407D-B62F-53A05AA3A19B} = {F13F0229-A5F8-407D-B62F-53A05AA3A19B}
		{792E8636-743B-483F-85DA-4108DD410566} = {792E8636-743B-483F-85DA-4108DD410566}
		{1A2A723D-C642-4062-B012-4527C276D82B} = {1A2A723D-C642-4062-B012-4527C276D82B}
		{4CF4A6B8-B5A0-455B-AFAD-A30E473C1666} = {4CF4A6B8-B5A0-455B-AFAD-A30E473C1666}
		{E9E839F0-1479-4E54-A402-5D12349FA1D6} = {E9E839F0-1479-4E54-A402-5D12349FA1D6}
	EndProjectSection
EndProject
Project("{8BC9CEB8-8B4A-11D0-8D11-00A0C91BC942}") = "gyrorateperceptor", "plugins\gyrorateperceptor\gyrorateperceptor.vcproj", "{BA43FE6C-858D-4B9D-AAFE-0D716A5BA605}"
	ProjectSection(ProjectDependencies) = postProject
		{F13F0229-A5F8-407D-B62F-53A05AA3A19B} = {F13F0229-A5F8-407D-B62F-53A05AA3A19B}
		{1A2A723D-C642-4062-B012-4527C276D82B} = {1A2A723D-C642-4062-B012-4527C276D82B}
		{4CF4A6B8-B5A0-455B-AFAD-A30E473C1666} = {4CF4A6B8-B5A0-455B-AFAD-A30E473C1666}
		{E9E839F0-1479-4E54-A402-5D12349FA1D6} = {E9E839F0-1479-4E54-A402-5D12349FA1D6}
	EndProjectSection
EndProject
Project("{8BC9CEB8-8B4A-11D0-8D11-00A0C91BC942}") = "soccer", "plugins\soccer\soccer.vcproj", "{F9253D21-5ACC-4841-AEF1-9EC9648ADDF7}"
	ProjectSection(ProjectDependencies) = postProject
		{F13F0229-A5F8-407D-B62F-53A05AA3A19B} = {F13F0229-A5F8-407D-B62F-53A05AA3A19B}
		{792E8636-743B-483F-85DA-4108DD410566} = {792E8636-743B-483F-85DA-4108DD410566}
		{1A2A723D-C642-4062-B012-4527C276D82B} = {1A2A723D-C642-4062-B012-4527C276D82B}
		{4CF4A6B8-B5A0-455B-AFAD-A30E473C1666} = {4CF4A6B8-B5A0-455B-AFAD-A30E473C1666}
		{E9E839F0-1479-4E54-A402-5D12349FA1D6} = {E9E839F0-1479-4E54-A402-5D12349FA1D6}
	EndProjectSection
EndProject
Project("{8BC9CEB8-8B4A-11D0-8D11-00A0C91BC942}") = "agentspark", "apps\agentspark\agentspark.vcproj", "{BED351C2-7F56-49BE-BB86-CD9EEBF9D85B}"
	ProjectSection(ProjectDependencies) = postProject
		{F13F0229-A5F8-407D-B62F-53A05AA3A19B} = {F13F0229-A5F8-407D-B62F-53A05AA3A19B}
		{1A2A723D-C642-4062-B012-4527C276D82B} = {1A2A723D-C642-4062-B012-4527C276D82B}
		{4CF4A6B8-B5A0-455B-AFAD-A30E473C1666} = {4CF4A6B8-B5A0-455B-AFAD-A30E473C1666}
		{E9E839F0-1479-4E54-A402-5D12349FA1D6} = {E9E839F0-1479-4E54-A402-5D12349FA1D6}
	EndProjectSection
EndProject
Project("{8BC9CEB8-8B4A-11D0-8D11-00A0C91BC942}") = "monitorspark", "apps\monitorspark\monitorspark.vcproj", "{956B30E2-F4A8-4A13-A8EE-285961329820}"
	ProjectSection(ProjectDependencies) = postProject
		{6213FD24-D05B-4AB6-B3F1-6D5572FA72BF} = {6213FD24-D05B-4AB6-B3F1-6D5572FA72BF}
		{F13F0229-A5F8-407D-B62F-53A05AA3A19B} = {F13F0229-A5F8-407D-B62F-53A05AA3A19B}
		{792E8636-743B-483F-85DA-4108DD410566} = {792E8636-743B-483F-85DA-4108DD410566}
		{1A2A723D-C642-4062-B012-4527C276D82B} = {1A2A723D-C642-4062-B012-4527C276D82B}
		{4CF4A6B8-B5A0-455B-AFAD-A30E473C1666} = {4CF4A6B8-B5A0-455B-AFAD-A30E473C1666}
		{E9E839F0-1479-4E54-A402-5D12349FA1D6} = {E9E839F0-1479-4E54-A402-5D12349FA1D6}
	EndProjectSection
EndProject
Global
	GlobalSection(SolutionConfigurationPlatforms) = preSolution
		Debug|Win32 = Debug|Win32
		Release|Win32 = Release|Win32
	EndGlobalSection
	GlobalSection(ProjectConfigurationPlatforms) = postSolution
		{F13F0229-A5F8-407D-B62F-53A05AA3A19B}.Debug|Win32.ActiveCfg = Debug|Win32
		{F13F0229-A5F8-407D-B62F-53A05AA3A19B}.Debug|Win32.Build.0 = Debug|Win32
		{F13F0229-A5F8-407D-B62F-53A05AA3A19B}.Release|Win32.ActiveCfg = Release|Win32
		{F13F0229-A5F8-407D-B62F-53A05AA3A19B}.Release|Win32.Build.0 = Release|Win32
		{4CF4A6B8-B5A0-455B-AFAD-A30E473C1666}.Debug|Win32.ActiveCfg = Debug|Win32
		{4CF4A6B8-B5A0-455B-AFAD-A30E473C1666}.Debug|Win32.Build.0 = Debug|Win32
		{4CF4A6B8-B5A0-455B-AFAD-A30E473C1666}.Release|Win32.ActiveCfg = Release|Win32
		{4CF4A6B8-B5A0-455B-AFAD-A30E473C1666}.Release|Win32.Build.0 = Release|Win32
		{1A2A723D-C642-4062-B012-4527C276D82B}.Debug|Win32.ActiveCfg = Debug|Win32
		{1A2A723D-C642-4062-B012-4527C276D82B}.Debug|Win32.Build.0 = Debug|Win32
		{1A2A723D-C642-4062-B012-4527C276D82B}.Release|Win32.ActiveCfg = Release|Win32
		{1A2A723D-C642-4062-B012-4527C276D82B}.Release|Win32.Build.0 = Release|Win32
		{E9E839F0-1479-4E54-A402-5D12349FA1D6}.Debug|Win32.ActiveCfg = Debug|Win32
		{E9E839F0-1479-4E54-A402-5D12349FA1D6}.Debug|Win32.Build.0 = Debug|Win32
		{E9E839F0-1479-4E54-A402-5D12349FA1D6}.Release|Win32.ActiveCfg = Release|Win32
		{E9E839F0-1479-4E54-A402-5D12349FA1D6}.Release|Win32.Build.0 = Release|Win32
		{792E8636-743B-483F-85DA-4108DD410566}.Debug|Win32.ActiveCfg = Debug|Win32
		{792E8636-743B-483F-85DA-4108DD410566}.Debug|Win32.Build.0 = Debug|Win32
		{792E8636-743B-483F-85DA-4108DD410566}.Release|Win32.ActiveCfg = Release|Win32
		{792E8636-743B-483F-85DA-4108DD410566}.Release|Win32.Build.0 = Release|Win32
		{6213FD24-D05B-4AB6-B3F1-6D5572FA72BF}.Debug|Win32.ActiveCfg = Debug|Win32
		{6213FD24-D05B-4AB6-B3F1-6D5572FA72BF}.Debug|Win32.Build.0 = Debug|Win32
		{6213FD24-D05B-4AB6-B3F1-6D5572FA72BF}.Release|Win32.ActiveCfg = Release|Win32
		{6213FD24-D05B-4AB6-B3F1-6D5572FA72BF}.Release|Win32.Build.0 = Release|Win32
		{B7A8109D-6914-4888-ADCB-A4D58978A72F}.Debug|Win32.ActiveCfg = Debug|Win32
		{B7A8109D-6914-4888-ADCB-A4D58978A72F}.Debug|Win32.Build.0 = Debug|Win32
		{B7A8109D-6914-4888-ADCB-A4D58978A72F}.Release|Win32.ActiveCfg = Release|Win32
		{B7A8109D-6914-4888-ADCB-A4D58978A72F}.Release|Win32.Build.0 = Release|Win32
		{010E763F-1028-46C5-89EB-B8A06E379764}.Debug|Win32.ActiveCfg = Debug|Win32
		{010E763F-1028-46C5-89EB-B8A06E379764}.Debug|Win32.Build.0 = Debug|Win32
		{010E763F-1028-46C5-89EB-B8A06E379764}.Release|Win32.ActiveCfg = Release|Win32
		{010E763F-1028-46C5-89EB-B8A06E379764}.Release|Win32.Build.0 = Release|Win32
		{9A2FFCA2-CBEB-4068-BC36-F9F466DC5D04}.Debug|Win32.ActiveCfg = Debug|Win32
		{9A2FFCA2-CBEB-4068-BC36-F9F466DC5D04}.Debug|Win32.Build.0 = Debug|Win32
		{9A2FFCA2-CBEB-4068-BC36-F9F466DC5D04}.Release|Win32.ActiveCfg = Release|Win32
		{9A2FFCA2-CBEB-4068-BC36-F9F466DC5D04}.Release|Win32.Build.0 = Release|Win32
		{568B5D27-1DB8-45B5-9ACB-168E7135B9A0}.Debug|Win32.ActiveCfg = Debug|Win32
		{568B5D27-1DB8-45B5-9ACB-168E7135B9A0}.Debug|Win32.Build.0 = Debug|Win32
		{568B5D27-1DB8-45B5-9ACB-168E7135B9A0}.Release|Win32.ActiveCfg = Release|Win32
		{568B5D27-1DB8-45B5-9ACB-168E7135B9A0}.Release|Win32.Build.0 = Release|Win32
		{3FFB1396-DA47-44A6-8D26-AC199882A94C}.Debug|Win32.ActiveCfg = Debug|Win32
		{3FFB1396-DA47-44A6-8D26-AC199882A94C}.Debug|Win32.Build.0 = Debug|Win32
		{3FFB1396-DA47-44A6-8D26-AC199882A94C}.Release|Win32.ActiveCfg = Release|Win32
		{3FFB1396-DA47-44A6-8D26-AC199882A94C}.Release|Win32.Build.0 = Release|Win32
		{E47CE4C3-C025-4767-B928-C1CDC5B0C7BB}.Debug|Win32.ActiveCfg = Debug|Win32
		{E47CE4C3-C025-4767-B928-C1CDC5B0C7BB}.Debug|Win32.Build.0 = Debug|Win32
		{E47CE4C3-C025-4767-B928-C1CDC5B0C7BB}.Release|Win32.ActiveCfg = Release|Win32
		{E47CE4C3-C025-4767-B928-C1CDC5B0C7BB}.Release|Win32.Build.0 = Release|Win32
		{5355C157-A0CE-4A18-AED9-3B848FD67183}.Debug|Win32.ActiveCfg = Debug|Win32
		{5355C157-A0CE-4A18-AED9-3B848FD67183}.Debug|Win32.Build.0 = Debug|Win32
		{5355C157-A0CE-4A18-AED9-3B848FD67183}.Release|Win32.ActiveCfg = Release|Win32
		{5355C157-A0CE-4A18-AED9-3B848FD67183}.Release|Win32.Build.0 = Release|Win32
		{062E6133-6CF6-496E-A82F-C61D4D8D9312}.Debug|Win32.ActiveCfg = Debug|Win32
		{062E6133-6CF6-496E-A82F-C61D4D8D9312}.Debug|Win32.Build.0 = Debug|Win32
		{062E6133-6CF6-496E-A82F-C61D4D8D9312}.Release|Win32.ActiveCfg = Release|Win32
		{062E6133-6CF6-496E-A82F-C61D4D8D9312}.Release|Win32.Build.0 = Release|Win32
		{122BB5D8-CC3D-49E4-9023-15F7B2567901}.Debug|Win32.ActiveCfg = Debug|Win32
		{122BB5D8-CC3D-49E4-9023-15F7B2567901}.Debug|Win32.Build.0 = Debug|Win32
		{122BB5D8-CC3D-49E4-9023-15F7B2567901}.Release|Win32.ActiveCfg = Release|Win32
		{122BB5D8-CC3D-49E4-9023-15F7B2567901}.Release|Win32.Build.0 = Release|Win32
		{613B536C-5CD4-4504-A1FA-FF06F7DEC023}.Debug|Win32.ActiveCfg = Debug|Win32
		{613B536C-5CD4-4504-A1FA-FF06F7DEC023}.Debug|Win32.Build.0 = Debug|Win32
		{613B536C-5CD4-4504-A1FA-FF06F7DEC023}.Release|Win32.ActiveCfg = Release|Win32
		{613B536C-5CD4-4504-A1FA-FF06F7DEC023}.Release|Win32.Build.0 = Release|Win32
		{7743EE1D-F277-406B-961B-366C7CE92704}.Debug|Win32.ActiveCfg = Debug|Win32
		{7743EE1D-F277-406B-961B-366C7CE92704}.Debug|Win32.Build.0 = Debug|Win32
		{7743EE1D-F277-406B-961B-366C7CE92704}.Release|Win32.ActiveCfg = Release|Win32
		{7743EE1D-F277-406B-961B-366C7CE92704}.Release|Win32.Build.0 = Release|Win32
		{81453252-3C8A-452A-8876-11786C36400A}.Debug|Win32.ActiveCfg = Debug|Win32
		{81453252-3C8A-452A-8876-11786C36400A}.Debug|Win32.Build.0 = Debug|Win32
		{81453252-3C8A-452A-8876-11786C36400A}.Release|Win32.ActiveCfg = Release|Win32
		{81453252-3C8A-452A-8876-11786C36400A}.Release|Win32.Build.0 = Release|Win32
		{D21D7B15-C379-4BAF-974A-915E8E646ACF}.Debug|Win32.ActiveCfg = Debug|Win32
		{D21D7B15-C379-4BAF-974A-915E8E646ACF}.Debug|Win32.Build.0 = Debug|Win32
		{D21D7B15-C379-4BAF-974A-915E8E646ACF}.Release|Win32.ActiveCfg = Release|Win32
		{D21D7B15-C379-4BAF-974A-915E8E646ACF}.Release|Win32.Build.0 = Release|Win32
		{BA43FE6C-858D-4B9D-AAFE-0D716A5BA605}.Debug|Win32.ActiveCfg = Debug|Win32
		{BA43FE6C-858D-4B9D-AAFE-0D716A5BA605}.Debug|Win32.Build.0 = Debug|Win32
		{BA43FE6C-858D-4B9D-AAFE-0D716A5BA605}.Release|Win32.ActiveCfg = Release|Win32
		{BA43FE6C-858D-4B9D-AAFE-0D716A5BA605}.Release|Win32.Build.0 = Release|Win32
		{F9253D21-5ACC-4841-AEF1-9EC9648ADDF7}.Debug|Win32.ActiveCfg = Debug|Win32
		{F9253D21-5ACC-4841-AEF1-9EC9648ADDF7}.Debug|Win32.Build.0 = Debug|Win32
		{F9253D21-5ACC-4841-AEF1-9EC9648ADDF7}.Release|Win32.ActiveCfg = Release|Win32
		{F9253D21-5ACC-4841-AEF1-9EC9648ADDF7}.Release|Win32.Build.0 = Release|Win32
		{BED351C2-7F56-49BE-BB86-CD9EEBF9D85B}.Debug|Win32.ActiveCfg = Debug|Win32
		{BED351C2-7F56-49BE-BB86-CD9EEBF9D85B}.Debug|Win32.Build.0 = Debug|Win32
		{BED351C2-7F56-49BE-BB86-CD9EEBF9D85B}.Release|Win32.ActiveCfg = Release|Win32
		{BED351C2-7F56-49BE-BB86-CD9EEBF9D85B}.Release|Win32.Build.0 = Release|Win32
		{956B30E2-F4A8-4A13-A8EE-285961329820}.Debug|Win32.ActiveCfg = Debug|Win32
		{956B30E2-F4A8-4A13-A8EE-285961329820}.Debug|Win32.Build.0 = Debug|Win32
		{956B30E2-F4A8-4A13-A8EE-285961329820}.Release|Win32.ActiveCfg = Release|Win32
		{956B30E2-F4A8-4A13-A8EE-285961329820}.Release|Win32.Build.0 = Release|Win32
	EndGlobalSection
	GlobalSection(SolutionProperties) = preSolution
		HideSolutionNode = FALSE
	EndGlobalSection
EndGlobal
